# This file is automatically @generated by Cargo.
# It is not intended for manual editing.
version = 3

[[package]]
name = "addr2line"
version = "0.14.1"
source = "registry+https://github.com/rust-lang/crates.io-index"
checksum = "a55f82cfe485775d02112886f4169bde0c5894d75e79ead7eafe7e40a25e45f7"
dependencies = [
 "gimli",
]

[[package]]
name = "adler"
version = "1.0.2"
source = "registry+https://github.com/rust-lang/crates.io-index"
checksum = "f26201604c87b1e01bd3d98f8d5d9a8fcbb815e8cedb41ffccbeb4bf593a35fe"

[[package]]
name = "autocfg"
version = "1.1.0"
source = "registry+https://github.com/rust-lang/crates.io-index"
checksum = "d468802bab17cbc0cc575e9b053f41e72aa36bfa6b7f55e3529ffa43161b97fa"

[[package]]
name = "backtrace"
version = "0.3.55"
source = "registry+https://github.com/rust-lang/crates.io-index"
checksum = "ef5140344c85b01f9bbb4d4b7288a8aa4b3287ccef913a14bcc78a1063623598"
dependencies = [
 "addr2line",
 "cfg-if",
 "libc",
 "miniz_oxide",
 "object",
 "rustc-demangle",
]

[[package]]
name = "bookindex"
version = "0.0.1"
dependencies = [
 "lazy_static",
 "libc",
 "quick-xml",
]

[[package]]
name = "cfg-if"
version = "1.0.0"
source = "registry+https://github.com/rust-lang/crates.io-index"
checksum = "baf1de4339761588bc0619e3cbc0120ee582ebb74b53b4efbf79117bd2da40fd"

[[package]]
name = "encoding_rs"
version = "0.8.33"
source = "registry+https://github.com/rust-lang/crates.io-index"
checksum = "7268b386296a025e474d5140678f75d6de9493ae55a5d709eeb9dd08149945e1"
dependencies = [
 "cfg-if",
]

[[package]]
name = "failure"
version = "0.1.8"
source = "registry+https://github.com/rust-lang/crates.io-index"
checksum = "d32e9bd16cc02eae7db7ef620b392808b89f6a5e16bb3497d159c6b92a0f4f86"
dependencies = [
 "backtrace",
 "failure_derive",
]

[[package]]
name = "failure_derive"
version = "0.1.8"
source = "registry+https://github.com/rust-lang/crates.io-index"
checksum = "aa4da3c766cd7a0db8242e326e9e4e081edd567072893ed320008189715366a4"
dependencies = [
 "proc-macro2",
 "quote",
 "syn",
 "synstructure",
]

[[package]]
name = "gimli"
version = "0.23.0"
source = "registry+https://github.com/rust-lang/crates.io-index"
checksum = "f6503fe142514ca4799d4c26297c4248239fe8838d827db6bd6065c6ed29a6ce"

[[package]]
name = "lazy_static"
version = "1.2.0"
source = "registry+https://github.com/rust-lang/crates.io-index"
checksum = "a374c89b9db55895453a74c1e38861d9deec0b01b405a82516e9d5de4820dea1"

[[package]]
name = "libc"
version = "0.2.48"
source = "registry+https://github.com/rust-lang/crates.io-index"
checksum = "e962c7641008ac010fa60a7dfdc1712449f29c44ef2d4702394aea943ee75047"

[[package]]
name = "log"
version = "0.4.20"
source = "registry+https://github.com/rust-lang/crates.io-index"
checksum = "b5e6163cb8c49088c2c36f57875e58ccd8c87c7427f7fbd50ea6710b2f3f2e8f"

[[package]]
name = "memchr"
version = "2.6.3"
source = "registry+https://github.com/rust-lang/crates.io-index"
checksum = "8f232d6ef707e1956a43342693d2a31e72989554d58299d7a88738cc95b0d35c"

[[package]]
name = "miniz_oxide"
version = "0.4.4"
source = "registry+https://github.com/rust-lang/crates.io-index"
checksum = "a92518e98c078586bc6c934028adcca4c92a53d6a958196de835170a01d84e4b"
dependencies = [
 "adler",
 "autocfg",
]

[[package]]
name = "object"
version = "0.22.0"
source = "registry+https://github.com/rust-lang/crates.io-index"
checksum = "8d3b63360ec3cb337817c2dbd47ab4a0f170d285d8e5a2064600f3def1402397"

[[package]]
name = "proc-macro2"
version = "1.0.66"
source = "registry+https://github.com/rust-lang/crates.io-index"
checksum = "18fb31db3f9bddb2ea821cde30a9f70117e3f119938b5ee630b7403aa6e2ead9"
dependencies = [
 "unicode-ident",
]

[[package]]
name = "quick-xml"
version = "0.12.4"
source = "registry+https://github.com/rust-lang/crates.io-index"
checksum = "1d8065cbb01701c11cc195cde85cbf39d1c6a80705b67a157ebb3042e0e5777f"
dependencies = [
 "encoding_rs",
 "failure",
 "log",
 "memchr",
]

[[package]]
name = "quote"
version = "1.0.33"
source = "registry+https://github.com/rust-lang/crates.io-index"
checksum = "5267fca4496028628a95160fc423a33e8b2e6af8a5302579e322e4b520293cae"
dependencies = [
 "proc-macro2",
]

[[package]]
name = "rustc-demangle"
version = "0.1.23"
source = "registry+https://github.com/rust-lang/crates.io-index"
checksum = "d626bb9dae77e28219937af045c257c28bfd3f69333c512553507f5f9798cb76"

[[package]]
name = "syn"
version = "1.0.109"
source = "registry+https://github.com/rust-lang/crates.io-index"
checksum = "72b64191b275b66ffe2469e8af2c1cfe3bafa67b529ead792a6d0160888b4237"
dependencies = [
 "proc-macro2",
 "quote",
 "unicode-ident",
]

[[package]]
name = "synstructure"
version = "0.12.6"
source = "registry+https://github.com/rust-lang/crates.io-index"
checksum = "f36bdaa60a83aca3921b5259d5400cbf5e90fc51931376a9bd4a0eb79aa7210f"
dependencies = [
 "proc-macro2",
 "quote",
 "syn",
 "unicode-xid",
]

[[package]]
name = "unicode-ident"
version = "1.0.11"
source = "registry+https://github.com/rust-lang/crates.io-index"
checksum = "301abaae475aa91687eb82514b328ab47a211a533026cb25fc3e519b86adfc3c"

[[package]]
name = "unicode-xid"
version = "0.2.4"
source = "registry+https://github.com/rust-lang/crates.io-index"
checksum = "f962df74c8c05a667b5ee8bcf162993134c104e96440b663c8daa176dc772d8c"
